
Microsoft Visual Studio Solution File, Format Version 12.00
# Visual Studio 2013
VisualStudioVersion = 12.0.20623.1 VSUPREVIEW
MinimumVisualStudioVersion = 10.0.40219.1
Project("{FAE04EC0-301F-11D3-BF4B-00C04F79EFBC}") = "Slideshow", "Slideshow\Slideshow.csproj", "{6E5A45CA-A636-4821-AC79-26EF71DE87BB}"
EndProject
Project("{FAE04EC0-301F-11D3-BF4B-00C04F79EFBC}") = "Slideshow.View", "Slideshow.View\Slideshow.View.csproj", "{6ADB1557-B10B-431D-9B5F-0AC81930924E}"
EndProject
Global
	GlobalSection(SolutionConfigurationPlatforms) = preSolution
		Debug|Any CPU = Debug|Any CPU
		Release|Any CPU = Release|Any CPU
	EndGlobalSection
	GlobalSection(ProjectConfigurationPlatforms) = postSolution
		{6E5A45CA-A636-4821-AC79-26EF71DE87BB}.Debug|Any CPU.ActiveCfg = Debug|Any CPU
		{6E5A45CA-A636-4821-AC79-26EF71DE87BB}.Debug|Any CPU.Build.0 = Debug|Any CPU
		{6E5A45CA-A636-4821-AC79-26EF71DE87BB}.Release|Any CPU.ActiveCfg = Release|Any CPU
		{6E5A45CA-A636-4821-AC79-26EF71DE87BB}.Release|Any CPU.Build.0 = Release|Any CPU
		{6ADB1557-B10B-431D-9B5F-0AC81930924E}.Debug|Any CPU.ActiveCfg = Debug|Any CPU
		{6ADB1557-B10B-431D-9B5F-0AC81930924E}.Debug|Any CPU.Build.0 = Debug|Any CPU
		{6ADB1557-B10B-431D-9B5F-0AC81930924E}.Release|Any CPU.ActiveCfg = Release|Any CPU
		{6ADB1557-B10B-431D-9B5F-0AC81930924E}.Release|Any CPU.Build.0 = Release|Any CPU
	EndGlobalSection
	GlobalSection(SolutionProperties) = preSolution
		HideSolutionNode = FALSE
	EndGlobalSection
EndGlobal
